// !$*UTF8*$!
{
	archiveVersion = 1;
	classes = {
	};
	objectVersion = 50;
	objects = {

/* Begin PBXBuildFile section */
		94245ADE22286FF1008AE640 /* AppDelegate.swift in Sources */ = {isa = PBXBuildFile; fileRef = 94245ADD22286FF1008AE640 /* AppDelegate.swift */; };
		94245AE022286FF1008AE640 /* ViewController.swift in Sources */ = {isa = PBXBuildFile; fileRef = 94245ADF22286FF1008AE640 /* ViewController.swift */; };
		94245AE322286FF1008AE640 /* Main.storyboard in Resources */ = {isa = PBXBuildFile; fileRef = 94245AE122286FF1008AE640 /* Main.storyboard */; };
		94245AE522286FF3008AE640 /* Assets.xcassets in Resources */ = {isa = PBXBuildFile; fileRef = 94245AE422286FF3008AE640 /* Assets.xcassets */; };
		94245AE822286FF3008AE640 /* LaunchScreen.storyboard in Resources */ = {isa = PBXBuildFile; fileRef = 94245AE622286FF3008AE640 /* LaunchScreen.storyboard */; };
		94245AF322286FF3008AE640 /* HackwichFourTests.swift in Sources */ = {isa = PBXBuildFile; fileRef = 94245AF222286FF3008AE640 /* HackwichFourTests.swift */; };
		94245AFE22286FF3008AE640 /* HackwichFourUITests.swift in Sources */ = {isa = PBXBuildFile; fileRef = 94245AFD22286FF3008AE640 /* HackwichFourUITests.swift */; };
		94A783BA22586E8F00719BFF /* Property List.plist in Resources */ = {isa = PBXBuildFile; fileRef = 94A783B922586E8F00719BFF /* Property List.plist */; };
		94A783BE2258721D00719BFF /* detailViewController.swift in Sources */ = {isa = PBXBuildFile; fileRef = 94A783BD2258721D00719BFF /* detailViewController.swift */; };
/* End PBXBuildFile section */

/* Begin PBXContainerItemProxy section */
		94245AEF22286FF3008AE640 /* PBXContainerItemProxy */ = {
			isa = PBXContainerItemProxy;
			containerPortal = 94245AD222286FF1008AE640 /* Project object */;
			proxyType = 1;
			remoteGlobalIDString = 94245AD922286FF1008AE640;
			remoteInfo = HackwichFour;
		};
		94245AFA22286FF3008AE640 /* PBXContainerItemProxy */ = {
			isa = PBXContainerItemProxy;
			containerPortal = 94245AD222286FF1008AE640 /* Project object */;
			proxyType = 1;
			remoteGlobalIDString = 94245AD922286FF1008AE640;
			remoteInfo = HackwichFour;
		};
/* End PBXContainerItemProxy section */

/* Begin PBXFileReference section */
		94245ADA22286FF1008AE640 /* HackwichFour.app */ = {isa = PBXFileReference; explicitFileType = wrapper.application; includeInIndex = 0; path = HackwichFour.app; sourceTree = BUILT_PRODUCTS_DIR; };
		94245ADD22286FF1008AE640 /* AppDelegate.swift */ = {isa = PBXFileReference; lastKnownFileType = sourcecode.swift; path = AppDelegate.swift; sourceTree = "<group>"; };
		94245ADF22286FF1008AE640 /* ViewController.swift */ = {isa = PBXFileReference; lastKnownFileType = sourcecode.swift; path = ViewController.swift; sourceTree = "<group>"; };
		94245AE222286FF1008AE640 /* Base */ = {isa = PBXFileReference; lastKnownFileType = file.storyboard; name = Base; path = Base.lproj/Main.storyboard; sourceTree = "<group>"; };
		94245AE422286FF3008AE640 /* Assets.xcassets */ = {isa = PBXFileReference; lastKnownFileType = folder.assetcatalog; path = Assets.xcassets; sourceTree = "<group>"; };
		94245AE722286FF3008AE640 /* Base */ = {isa = PBXFileReference; lastKnownFileType = file.storyboard; name = Base; path = Base.lproj/LaunchScreen.storyboard; sourceTree = "<group>"; };
		94245AE922286FF3008AE640 /* Info.plist */ = {isa = PBXFileReference; lastKnownFileType = text.plist.xml; path = Info.plist; sourceTree = "<group>"; };
		94245AEE22286FF3008AE640 /* HackwichFourTests.xctest */ = {isa = PBXFileReference; explicitFileType = wrapper.cfbundle; includeInIndex = 0; path = HackwichFourTests.xctest; sourceTree = BUILT_PRODUCTS_DIR; };
		94245AF222286FF3008AE640 /* HackwichFourTests.swift */ = {isa = PBXFileReference; lastKnownFileType = sourcecode.swift; path = HackwichFourTests.swift; sourceTree = "<group>"; };
		94245AF422286FF3008AE640 /* Info.plist */ = {isa = PBXFileReference; lastKnownFileType = text.plist.xml; path = Info.plist; sourceTree = "<group>"; };
		94245AF922286FF3008AE640 /* HackwichFourUITests.xctest */ = {isa = PBXFileReference; explicitFileType = wrapper.cfbundle; includeInIndex = 0; path = HackwichFourUITests.xctest; sourceTree = BUILT_PRODUCTS_DIR; };
		94245AFD22286FF3008AE640 /* HackwichFourUITests.swift */ = {isa = PBXFileReference; lastKnownFileType = sourcecode.swift; path = HackwichFourUITests.swift; sourceTree = "<group>"; };
		94245AFF22286FF3008AE640 /* Info.plist */ = {isa = PBXFileReference; lastKnownFileType = text.plist.xml; path = Info.plist; sourceTree = "<group>"; };
		94A783B922586E8F00719BFF /* Property List.plist */ = {isa = PBXFileReference; lastKnownFileType = text.plist.xml; path = "Property List.plist"; sourceTree = "<group>"; };
		94A783BD2258721D00719BFF /* detailViewController.swift */ = {isa = PBXFileReference; lastKnownFileType = sourcecode.swift; path = detailViewController.swift; sourceTree = "<group>"; };
/* End PBXFileReference section */

/* Begin PBXFrameworksBuildPhase section */
		94245AD722286FF1008AE640 /* Frameworks */ = {
			isa = PBXFrameworksBuildPhase;
			buildActionMask = 2147483647;
			files = (
			);
			runOnlyForDeploymentPostprocessing = 0;
		};
		94245AEB22286FF3008AE640 /* Frameworks */ = {
			isa = PBXFrameworksBuildPhase;
			buildActionMask = 2147483647;
			files = (
			);
			runOnlyForDeploymentPostprocessing = 0;
		};
		94245AF622286FF3008AE640 /* Frameworks */ = {
			isa = PBXFrameworksBuildPhase;
			buildActionMask = 2147483647;
			files = (
			);
			runOnlyForDeploymentPostprocessing = 0;
		};
/* End PBXFrameworksBuildPhase section */

/* Begin PBXGroup section */
		94245AD122286FF1008AE640 = {
			isa = PBXGroup;
			children = (
				94245ADC22286FF1008AE640 /* HackwichFour */,
				94245AF122286FF3008AE640 /* HackwichFourTests */,
				94245AFC22286FF3008AE640 /* HackwichFourUITests */,
				94245ADB22286FF1008AE640 /* Products */,
			);
			sourceTree = "<group>";
		};
		94245ADB22286FF1008AE640 /* Products */ = {
			isa = PBXGroup;
			children = (
				94245ADA22286FF1008AE640 /* HackwichFour.app */,
				94245AEE22286FF3008AE640 /* HackwichFourTests.xctest */,
				94245AF922286FF3008AE640 /* HackwichFourUITests.xctest */,
			);
			name = Products;
			sourceTree = "<group>";
		};
		94245ADC22286FF1008AE640 /* HackwichFour */ = {
			isa = PBXGroup;
			children = (
				94A783B922586E8F00719BFF /* Property List.plist */,
				94245ADD22286FF1008AE640 /* AppDelegate.swift */,
				94245ADF22286FF1008AE640 /* ViewController.swift */,
				94A783BD2258721D00719BFF /* detailViewController.swift */,
				94245AE122286FF1008AE640 /* Main.storyboard */,
				94245AE422286FF3008AE640 /* Assets.xcassets */,
				94245AE622286FF3008AE640 /* LaunchScreen.storyboard */,
				94245AE922286FF3008AE640 /* Info.plist */,
			);
			path = HackwichFour;
			sourceTree = "<group>";
		};
		94245AF122286FF3008AE640 /* HackwichFourTests */ = {
			isa = PBXGroup;
			children = (
				94245AF222286FF3008AE640 /* HackwichFourTests.swift */,
				94245AF422286FF3008AE640 /* Info.plist */,
			);
			path = HackwichFourTests;
			sourceTree = "<group>";
		};
		94245AFC22286FF3008AE640 /* HackwichFourUITests */ = {
			isa = PBXGroup;
			children = (
				94245AFD22286FF3008AE640 /* HackwichFourUITests.swift */,
				94245AFF22286FF3008AE640 /* Info.plist */,
			);
			path = HackwichFourUITests;
			sourceTree = "<group>";
		};
/* End PBXGroup section */

/* Begin PBXNativeTarget section */
		94245AD922286FF1008AE640 /* HackwichFour */ = {
			isa = PBXNativeTarget;
			buildConfigurationList = 94245B0222286FF3008AE640 /* Build configuration list for PBXNativeTarget "HackwichFour" */;
			buildPhases = (
				94245AD622286FF1008AE640 /* Sources */,
				94245AD722286FF1008AE640 /* Frameworks */,
				94245AD822286FF1008AE640 /* Resources */,
			);
			buildRules = (
			);
			dependencies = (
			);
			name = HackwichFour;
			productName = HackwichFour;
			productReference = 94245ADA22286FF1008AE640 /* HackwichFour.app */;
			productType = "com.apple.product-type.application";
		};
		94245AED22286FF3008AE640 /* HackwichFourTests */ = {
			isa = PBXNativeTarget;
			buildConfigurationList = 94245B0522286FF3008AE640 /* Build configuration list for PBXNativeTarget "HackwichFourTests" */;
			buildPhases = (
				94245AEA22286FF3008AE640 /* Sources */,
				94245AEB22286FF3008AE640 /* Frameworks */,
				94245AEC22286FF3008AE640 /* Resources */,
			);
			buildRules = (
			);
			dependencies = (
				94245AF022286FF3008AE640 /* PBXTargetDependency */,
			);
			name = HackwichFourTests;
			productName = HackwichFourTests;
			productReference = 94245AEE22286FF3008AE640 /* HackwichFourTests.xctest */;
			productType = "com.apple.product-type.bundle.unit-test";
		};
		94245AF822286FF3008AE640 /* HackwichFourUITests */ = {
			isa = PBXNativeTarget;
			buildConfigurationList = 94245B0822286FF3008AE640 /* Build configuration list for PBXNativeTarget "HackwichFourUITests" */;
			buildPhases = (
				94245AF522286FF3008AE640 /* Sources */,
				94245AF622286FF3008AE640 /* Frameworks */,
				94245AF722286FF3008AE640 /* Resources */,
			);
			buildRules = (
			);
			dependencies = (
				94245AFB22286FF3008AE640 /* PBXTargetDependency */,
			);
			name = HackwichFourUITests;
			productName = HackwichFourUITests;
			productReference = 94245AF922286FF3008AE640 /* HackwichFourUITests.xctest */;
			productType = "com.apple.product-type.bundle.ui-testing";
		};
/* End PBXNativeTarget section */

/* Begin PBXProject section */
		94245AD222286FF1008AE640 /* Project object */ = {
			isa = PBXProject;
			attributes = {
				LastSwiftUpdateCheck = 1010;
				LastUpgradeCheck = 1010;
				ORGANIZATIONNAME = "Ryan B Domingo";
				TargetAttributes = {
					94245AD922286FF1008AE640 = {
						CreatedOnToolsVersion = 10.1;
						LastSwiftMigration = 1020;
					};
					94245AED22286FF3008AE640 = {
						CreatedOnToolsVersion = 10.1;
						LastSwiftMigration = 1020;
						TestTargetID = 94245AD922286FF1008AE640;
					};
					94245AF822286FF3008AE640 = {
						CreatedOnToolsVersion = 10.1;
						LastSwiftMigration = 1020;
						TestTargetID = 94245AD922286FF1008AE640;
					};
				};
			};
			buildConfigurationList = 94245AD522286FF1008AE640 /* Build configuration list for PBXProject "HackwichFour" */;
			compatibilityVersion = "Xcode 9.3";
			developmentRegion = en;
			hasScannedForEncodings = 0;
			knownRegions = (
				en,
				Base,
			);
			mainGroup = 94245AD122286FF1008AE640;
			productRefGroup = 94245ADB22286FF1008AE640 /* Products */;
			projectDirPath = "";
			projectRoot = "";
			targets = (
				94245AD922286FF1008AE640 /* HackwichFour */,
				94245AED22286FF3008AE640 /* HackwichFourTests */,
				94245AF822286FF3008AE640 /* HackwichFourUITests */,
			);
		};
/* End PBXProject section */

/* Begin PBXResourcesBuildPhase section */
		94245AD822286FF1008AE640 /* Resources */ = {
			isa = PBXResourcesBuildPhase;
			buildActionMask = 2147483647;
			files = (
				94245AE822286FF3008AE640 /* LaunchScreen.storyboard in Resources */,
				94245AE522286FF3008AE640 /* Assets.xcassets in Resources */,
				94A783BA22586E8F00719BFF /* Property List.plist in Resources */,
				94245AE322286FF1008AE640 /* Main.storyboard in Resources */,
			);
			runOnlyForDeploymentPostprocessing = 0;
		};
		94245AEC22286FF3008AE640 /* Resources */ = {
			isa = PBXResourcesBuildPhase;
			buildActionMask = 2147483647;
			files = (
			);
			runOnlyForDeploymentPostprocessing = 0;
		};
		94245AF722286FF3008AE640 /* Resources */ = {
			isa = PBXResourcesBuildPhase;
			buildActionMask = 2147483647;
			files = (
			);
			runOnlyForDeploymentPostprocessing = 0;
		};
/* End PBXResourcesBuildPhase section */

/* Begin PBXSourcesBuildPhase section */
		94245AD622286FF1008AE640 /* Sources */ = {
			isa = PBXSourcesBuildPhase;
			buildActionMask = 2147483647;
			files = (
				94245AE022286FF1008AE640 /* ViewController.swift in Sources */,
				94245ADE22286FF1008AE640 /* AppDelegate.swift in Sources */,
				94A783BE2258721D00719BFF /* detailViewController.swift in Sources */,
			);
			runOnlyForDeploymentPostprocessing = 0;
		};
		94245AEA22286FF3008AE640 /* Sources */ = {
			isa = PBXSourcesBuildPhase;
			buildActionMask = 2147483647;
			files = (
				94245AF322286FF3008AE640 /* HackwichFourTests.swift in Sources */,
			);
			runOnlyForDeploymentPostprocessing = 0;
		};
		94245AF522286FF3008AE640 /* Sources */ = {
			isa = PBXSourcesBuildPhase;
			buildActionMask = 2147483647;
			files = (
				94245AFE22286FF3008AE640 /* HackwichFourUITests.swift in Sources */,
			);
			runOnlyForDeploymentPostprocessing = 0;
		};
/* End PBXSourcesBuildPhase section */

/* Begin PBXTargetDependency section */
		94245AF022286FF3008AE640 /* PBXTargetDependency */ = {
			isa = PBXTargetDependency;
			target = 94245AD922286FF1008AE640 /* HackwichFour */;
			targetProxy = 94245AEF22286FF3008AE640 /* PBXContainerItemProxy */;
		};
		94245AFB22286FF3008AE640 /* PBXTargetDependency */ = {
			isa = PBXTargetDependency;
			target = 94245AD922286FF1008AE640 /* HackwichFour */;
			targetProxy = 94245AFA22286FF3008AE640 /* PBXContainerItemProxy */;
		};
/* End PBXTargetDependency section */

/* Begin PBXVariantGroup section */
		94245AE122286FF1008AE640 /* Main.storyboard */ = {
			isa = PBXVariantGroup;
			children = (
				94245AE222286FF1008AE640 /* Base */,
			);
			name = Main.storyboard;
			sourceTree = "<group>";
		};
		94245AE622286FF3008AE640 /* LaunchScreen.storyboard */ = {
			isa = PBXVariantGroup;
			children = (
				94245AE722286FF3008AE640 /* Base */,
			);
			name = LaunchScreen.storyboard;
			sourceTree = "<group>";
		};
/* End PBXVariantGroup section */

/* Begin XCBuildConfiguration section */
		94245B0022286FF3008AE640 /* Debug */ = {
			isa = XCBuildConfiguration;
			buildSettings = {
				ALWAYS_SEARCH_USER_PATHS = NO;
				CLANG_ANALYZER_NONNULL = YES;
				CLANG_ANALYZER_NUMBER_OBJECT_CONVERSION = YES_AGGRESSIVE;
				CLANG_CXX_LANGUAGE_STANDARD = "gnu++14";
				CLANG_CXX_LIBRARY = "libc++";
				CLANG_ENABLE_MODULES = YES;
				CLANG_ENABLE_OBJC_ARC = YES;
				CLANG_ENABLE_OBJC_WEAK = YES;
				CLANG_WARN_BLOCK_CAPTURE_AUTORELEASING = YES;
				CLANG_WARN_BOOL_CONVERSION = YES;
				CLANG_WARN_COMMA = YES;
				CLANG_WARN_CONSTANT_CONVERSION = YES;
				CLANG_WARN_DEPRECATED_OBJC_IMPLEMENTATIONS = YES;
				CLANG_WARN_DIRECT_OBJC_ISA_USAGE = YES_ERROR;
				CLANG_WARN_DOCUMENTATION_COMMENTS = YES;
				CLANG_WARN_EMPTY_BODY = YES;
				CLANG_WARN_ENUM_CONVERSION = YES;
				CLANG_WARN_INFINITE_RECURSION = YES;
				CLANG_WARN_INT_CONVERSION = YES;
				CLANG_WARN_NON_LITERAL_NULL_CONVERSION = YES;
				CLANG_WARN_OBJC_IMPLICIT_RETAIN_SELF = YES;
				CLANG_WARN_OBJC_LITERAL_CONVERSION = YES;
				CLANG_WARN_OBJC_ROOT_CLASS = YES_ERROR;
				CLANG_WARN_RANGE_LOOP_ANALYSIS = YES;
				CLANG_WARN_STRICT_PROTOTYPES = YES;
				CLANG_WARN_SUSPICIOUS_MOVE = YES;
				CLANG_WARN_UNGUARDED_AVAILABILITY = YES_AGGRESSIVE;
				CLANG_WARN_UNREACHABLE_CODE = YES;
				CLANG_WARN__DUPLICATE_METHOD_MATCH = YES;
				CODE_SIGN_IDENTITY = "iPhone Developer";
				COPY_PHASE_STRIP = NO;
				DEBUG_INFORMATION_FORMAT = dwarf;
				ENABLE_STRICT_OBJC_MSGSEND = YES;
				ENABLE_TESTABILITY = YES;
				GCC_C_LANGUAGE_STANDARD = gnu11;
				GCC_DYNAMIC_NO_PIC = NO;
				GCC_NO_COMMON_BLOCKS = YES;
				GCC_OPTIMIZATION_LEVEL = 0;
				GCC_PREPROCESSOR_DEFINITIONS = (
					"DEBUG=1",
					"$(inherited)",
				);
				GCC_WARN_64_TO_32_BIT_CONVERSION = YES;
				GCC_WARN_ABOUT_RETURN_TYPE = YES_ERROR;
				GCC_WARN_UNDECLARED_SELECTOR = YES;
				GCC_WARN_UNINITIALIZED_AUTOS = YES_AGGRESSIVE;
				GCC_WARN_UNUSED_FUNCTION = YES;
				GCC_WARN_UNUSED_VARIABLE = YES;
				IPHONEOS_DEPLOYMENT_TARGET = 12.1;
				MTL_ENABLE_DEBUG_INFO = INCLUDE_SOURCE;
				MTL_FAST_MATH = YES;
				ONLY_ACTIVE_ARCH = YES;
				SDKROOT = iphoneos;
				SWIFT_ACTIVE_COMPILATION_CONDITIONS = DEBUG;
				SWIFT_OPTIMIZATION_LEVEL = "-Onone";
			};
			name = Debug;
		};
		94245B0122286FF3008AE640 /* Release */ = {
			isa = XCBuildConfiguration;
			buildSettings = {
				ALWAYS_SEARCH_USER_PATHS = NO;
				CLANG_ANALYZER_NONNULL = YES;
				CLANG_ANALYZER_NUMBER_OBJECT_CONVERSION = YES_AGGRESSIVE;
				CLANG_CXX_LANGUAGE_STANDARD = "gnu++14";
				CLANG_CXX_LIBRARY = "libc++";
				CLANG_ENABLE_MODULES = YES;
				CLANG_ENABLE_OBJC_ARC = YES;
				CLANG_ENABLE_OBJC_WEAK = YES;
				CLANG_WARN_BLOCK_CAPTURE_AUTORELEASING = YES;
				CLANG_WARN_BOOL_CONVERSION = YES;
				CLANG_WARN_COMMA = YES;
				CLANG_WARN_CONSTANT_CONVERSION = YES;
				CLANG_WARN_DEPRECATED_OBJC_IMPLEMENTATIONS = YES;
				CLANG_WARN_DIRECT_OBJC_ISA_USAGE = YES_ERROR;
				CLANG_WARN_DOCUMENTATION_COMMENTS = YES;
				CLANG_WARN_EMPTY_BODY = YES;
				CLANG_WARN_ENUM_CONVERSION = YES;
				CLANG_WARN_INFINITE_RECURSION = YES;
				CLANG_WARN_INT_CONVERSION = YES;
				CLANG_WARN_NON_LITERAL_NULL_CONVERSION = YES;
				CLANG_WARN_OBJC_IMPLICIT_RETAIN_SELF = YES;
				CLANG_WARN_OBJC_LITERAL_CONVERSION = YES;
				CLANG_WARN_OBJC_ROOT_CLASS = YES_ERROR;
				CLANG_WARN_RANGE_LOOP_ANALYSIS = YES;
				CLANG_WARN_STRICT_PROTOTYPES = YES;
				CLANG_WARN_SUSPICIOUS_MOVE = YES;
				CLANG_WARN_UNGUARDED_AVAILABILITY = YES_AGGRESSIVE;
				CLANG_WARN_UNREACHABLE_CODE = YES;
				CLANG_WARN__DUPLICATE_METHOD_MATCH = YES;
				CODE_SIGN_IDENTITY = "iPhone Developer";
				COPY_PHASE_STRIP = NO;
				DEBUG_INFORMATION_FORMAT = "dwarf-with-dsym";
				ENABLE_NS_ASSERTIONS = NO;
				ENABLE_STRICT_OBJC_MSGSEND = YES;
				GCC_C_LANGUAGE_STANDARD = gnu11;
				GCC_NO_COMMON_BLOCKS = YES;
				GCC_WARN_64_TO_32_BIT_CONVERSION = YES;
				GCC_WARN_ABOUT_RETURN_TYPE = YES_ERROR;
				GCC_WARN_UNDECLARED_SELECTOR = YES;
				GCC_WARN_UNINITIALIZED_AUTOS = YES_AGGRESSIVE;
				GCC_WARN_UNUSED_FUNCTION = YES;
				GCC_WARN_UNUSED_VARIABLE = YES;
				IPHONEOS_DEPLOYMENT_TARGET = 12.1;
				MTL_ENABLE_DEBUG_INFO = NO;
				MTL_FAST_MATH = YES;
				SDKROOT = iphoneos;
				SWIFT_COMPILATION_MODE = wholemodule;
				SWIFT_OPTIMIZATION_LEVEL = "-O";
				VALIDATE_PRODUCT = YES;
			};
			name = Release;
		};
		94245B0322286FF3008AE640 /* Debug */ = {
			isa = XCBuildConfiguration;
			buildSettings = {
				ASSETCATALOG_COMPILER_APPICON_NAME = AppIcon;
				CODE_SIGN_STYLE = Automatic;
				DEVELOPMENT_TEAM = 7SWU9URYP4;
				INFOPLIST_FILE = HackwichFour/Info.plist;
				LD_RUNPATH_SEARCH_PATHS = (
					"$(inherited)",
					"@executable_path/Frameworks",
				);
				PRODUCT_BUNDLE_IDENTIFIER = UHWO.org.HackwichFour;
				PRODUCT_NAME = "$(TARGET_NAME)";
				SWIFT_VERSION = 5.0;
				TARGETED_DEVICE_FAMILY = "1,2";
			};
			name = Debug;
		};
		94245B0422286FF3008AE640 /* Release */ = {
			isa = XCBuildConfiguration;
			buildSettings = {
				ASSETCATALOG_COMPILER_APPICON_NAME = AppIcon;
				CODE_SIGN_STYLE = Automatic;
				DEVELOPMENT_TEAM = 7SWU9URYP4;
				INFOPLIST_FILE = HackwichFour/Info.plist;
				LD_RUNPATH_SEARCH_PATHS = (
					"$(inherited)",
					"@executable_path/Frameworks",
				);
				PRODUCT_BUNDLE_IDENTIFIER = UHWO.org.HackwichFour;
				PRODUCT_NAME = "$(TARGET_NAME)";
				SWIFT_VERSION = 5.0;
				TARGETED_DEVICE_FAMILY = "1,2";
			};
			name = Release;
		};
		94245B0622286FF3008AE640 /* Debug */ = {
			isa = XCBuildConfiguration;
			buildSettings = {
				ALWAYS_EMBED_SWIFT_STANDARD_LIBRARIES = YES;
				BUNDLE_LOADER = "$(TEST_HOST)";
				CODE_SIGN_STYLE = Automatic;
				DEVELOPMENT_TEAM = 7SWU9URYP4;
				INFOPLIST_FILE = HackwichFourTests/Info.plist;
				LD_RUNPATH_SEARCH_PATHS = (
					"$(inherited)",
					"@executable_path/Frameworks",
					"@loader_path/Frameworks",
				);
				PRODUCT_BUNDLE_IDENTIFIER = UHWO.org.HackwichFourTests;
				PRODUCT_NAME = "$(TARGET_NAME)";
				SWIFT_VERSION = 5.0;
				TARGETED_DEVICE_FAMILY = "1,2";
				TEST_HOST = "$(BUILT_PRODUCTS_DIR)/HackwichFour.app/HackwichFour";
			};
			name = Debug;
		};
		94245B0722286FF3008AE640 /* Release */ = {
			isa = XCBuildConfiguration;
			buildSettings = {
				ALWAYS_EMBED_SWIFT_STANDARD_LIBRARIES = YES;
				BUNDLE_LOADER = "$(TEST_HOST)";
				CODE_SIGN_STYLE = Automatic;
				DEVELOPMENT_TEAM = 7SWU9URYP4;
				INFOPLIST_FILE = HackwichFourTests/Info.plist;
				LD_RUNPATH_SEARCH_PATHS = (
					"$(inherited)",
					"@executable_path/Frameworks",
					"@loader_path/Frameworks",
				);
				PRODUCT_BUNDLE_IDENTIFIER = UHWO.org.HackwichFourTests;
				PRODUCT_NAME = "$(TARGET_NAME)";
				SWIFT_VERSION = 5.0;
				TARGETED_DEVICE_FAMILY = "1,2";
				TEST_HOST = "$(BUILT_PRODUCTS_DIR)/HackwichFour.app/HackwichFour";
			};
			name = Release;
		};
		94245B0922286FF3008AE640 /* Debug */ = {
			isa = XCBuildConfiguration;
			buildSettings = {
				ALWAYS_EMBED_SWIFT_STANDARD_LIBRARIES = YES;
				CODE_SIGN_STYLE = Automatic;
				DEVELOPMENT_TEAM = 7SWU9URYP4;
				INFOPLIST_FILE = HackwichFourUITests/Info.plist;
				LD_RUNPATH_SEARCH_PATHS = (
					"$(inherited)",
					"@executable_path/Frameworks",
					"@loader_path/Frameworks",
				);
				PRODUCT_BUNDLE_IDENTIFIER = UHWO.org.HackwichFourUITests;
				PRODUCT_NAME = "$(TARGET_NAME)";
				SWIFT_VERSION = 5.0;
				TARGETED_DEVICE_FAMILY = "1,2";
				TEST_TARGET_NAME = HackwichFour;
			};
			name = Debug;
		};
		94245B0A22286FF3008AE640 /* Release */ = {
			isa = XCBuildConfiguration;
			buildSettings = {
				ALWAYS_EMBED_SWIFT_STANDARD_LIBRARIES = YES;
				CODE_SIGN_STYLE = Automatic;
				DEVELOPMENT_TEAM = 7SWU9URYP4;
				INFOPLIST_FILE = HackwichFourUITests/Info.plist;
				LD_RUNPATH_SEARCH_PATHS = (
					"$(inherited)",
					"@executable_path/Frameworks",
					"@loader_path/Frameworks",
				);
				PRODUCT_BUNDLE_IDENTIFIER = UHWO.org.HackwichFourUITests;
				PRODUCT_NAME = "$(TARGET_NAME)";
				SWIFT_VERSION = 5.0;
				TARGETED_DEVICE_FAMILY = "1,2";
				TEST_TARGET_NAME = HackwichFour;
			};
			name = Release;
		};
/* End XCBuildConfiguration section */

/* Begin XCConfigurationList section */
		94245AD522286FF1008AE640 /* Build configuration list for PBXProject "HackwichFour" */ = {
			isa = XCConfigurationList;
			buildConfigurations = (
				94245B0022286FF3008AE640 /* Debug */,
				94245B0122286FF3008AE640 /* Release */,
			);
			defaultConfigurationIsVisible = 0;
			defaultConfigurationName = Release;
		};
		94245B0222286FF3008AE640 /* Build configuration list for PBXNativeTarget "HackwichFour" */ = {
			isa = XCConfigurationList;
			buildConfigurations = (
				94245B0322286FF3008AE640 /* Debug */,
				94245B0422286FF3008AE640 /* Release */,
			);
			defaultConfigurationIsVisible = 0;
			defaultConfigurationName = Release;
		};
		94245B0522286FF3008AE640 /* Build configuration list for PBXNativeTarget "HackwichFourTests" */ = {
			isa = XCConfigurationList;
			buildConfigurations = (
				94245B0622286FF3008AE640 /* Debug */,
				94245B0722286FF3008AE640 /* Release */,
			);
			defaultConfigurationIsVisible = 0;
			defaultConfigurationName = Release;
		};
		94245B0822286FF3008AE640 /* Build configuration list for PBXNativeTarget "HackwichFourUITests" */ = {
			isa = XCConfigurationList;
			buildConfigurations = (
				94245B0922286FF3008AE640 /* Debug */,
				94245B0A22286FF3008AE640 /* Release */,
			);
			defaultConfigurationIsVisible = 0;
			defaultConfigurationName = Release;
		};
/* End XCConfigurationList section */
	};
	rootObject = 94245AD222286FF1008AE640 /* Project object */;
}
